
Microsoft Visual Studio Solution File, Format Version 12.00
# Visual Studio Version 16
VisualStudioVersion = 16.0.29920.165
MinimumVisualStudioVersion = 10.0.40219.1
Project("{FAE04EC0-301F-11D3-BF4B-00C04F79EFBC}") = "Rejestracja_użytkownika", "Rejestracja_użytkownika\Rejestracja_użytkownika.csproj", "{7EC36E84-D7DF-4008-9028-5999FDB1475E}"
EndProject
Global
	GlobalSection(SolutionConfigurationPlatforms) = preSolution
		Debug|Any CPU = Debug|Any CPU
		Release|Any CPU = Release|Any CPU
	EndGlobalSection
	GlobalSection(ProjectConfigurationPlatforms) = postSolution
		{7EC36E84-D7DF-4008-9028-5999FDB1475E}.Debug|Any CPU.ActiveCfg = Debug|Any CPU
		{7EC36E84-D7DF-4008-9028-5999FDB1475E}.Debug|Any CPU.Build.0 = Debug|Any CPU
		{7EC36E84-D7DF-4008-9028-5999FDB1475E}.Release|Any CPU.ActiveCfg = Release|Any CPU
		{7EC36E84-D7DF-4008-9028-5999FDB1475E}.Release|Any CPU.Build.0 = Release|Any CPU
	EndGlobalSection
	GlobalSection(SolutionProperties) = preSolution
		HideSolutionNode = FALSE
	EndGlobalSection
	GlobalSection(ExtensibilityGlobals) = postSolution
		SolutionGuid = {36A9636F-CD6A-4F17-A671-A86A88407DA5}
	EndGlobalSection
EndGlobal
